{
    "_readme": [
        "This file locks the dependencies of your project to a known state",
        "Read more about it at https://getcomposer.org/doc/01-basic-usage.md#installing-dependencies",
        "This file is @generated automatically"
    ],
    "content-hash": "c3ce0c49bc615acd56768a6f847db708",
    "packages": [
        {
            "name": "phpstan/phpdoc-parser",
            "version": "0.5.0",
            "source": {
                "type": "git",
                "url": "https://github.com/phpstan/phpdoc-parser.git",
                "reference": "cfe3c783bc6230aeda50dc1737ae56f829aeb18a"
            },
            "dist": {
                "type": "zip",
                "url": "https://api.github.com/repos/phpstan/phpdoc-parser/zipball/cfe3c783bc6230aeda50dc1737ae56f829aeb18a",
                "reference": "cfe3c783bc6230aeda50dc1737ae56f829aeb18a",
                "shasum": ""
            },
            "require": {
                "php": "^7.1 || ^8.0"
            },
            "require-dev": {
                "phing/phing": "^2.16.3",
                "php-parallel-lint/php-parallel-lint": "^1.2",
                "phpstan/extension-installer": "^1.0",
                "phpstan/phpstan": "^0.12.60",
                "phpstan/phpstan-strict-rules": "^0.12.5",
                "phpunit/phpunit": "^7.5.20",
                "symfony/process": "^5.2"
            },
            "type": "library",
            "extra": {
                "branch-alias": {
                    "dev-master": "0.5-dev"
                }
            },
            "autoload": {
                "psr-4": {
                    "PHPStan\\PhpDocParser\\": [
                        "src/"
                    ]
                }
            },
            "notification-url": "https://packagist.org/downloads/",
            "license": [
                "MIT"
            ],
            "description": "PHPDoc parser with support for nullable, intersection and generic types",
            "support": {
                "issues": "https://github.com/phpstan/phpdoc-parser/issues",
                "source": "https://github.com/phpstan/phpdoc-parser/tree/0.5.0"
            },
            "time": "2021-03-18T21:19:05+00:00"
        }
    ],
    "packages-dev": [],
    "aliases": [],
    "minimum-stability": "stable",
    "stability-flags": {},
    "prefer-stable": false,
    "prefer-lowest": false,
    "platform": {},
    "platform-dev": {},
    "plugin-api-version": "2.6.0"
}
